
Microsoft Visual Studio Solution File, Format Version 12.00
# Visual Studio 15
VisualStudioVersion = 15.0.28307.168
MinimumVisualStudioVersion = 10.0.40219.1
Project("{FAE04EC0-301F-11D3-BF4B-00C04F79EFBC}") = "Example01", "Example01\Example01.csproj", "{CFC8ED16-693B-4769-8A7C-954F5F98AD6D}"
EndProject
Project("{FAE04EC0-301F-11D3-BF4B-00C04F79EFBC}") = "Example02", "Example02\Example02.csproj", "{2FFFAFC0-F7FE-4322-B316-5B1CA6000F72}"
EndProject
Project("{FAE04EC0-301F-11D3-BF4B-00C04F79EFBC}") = "StudentManagementLibrary", "..\StudentManagementLibrary\StudentManagementLibrary\StudentManagementLibrary.csproj", "{ED8B8D45-0801-4457-9C90-58F4CC96EB20}"
EndProject
Project("{FAE04EC0-301F-11D3-BF4B-00C04F79EFBC}") = "Example03", "Example03\Example03.csproj", "{DEE67E23-51CA-4B72-BC89-6C6BD9DB533E}"
EndProject
Project("{FAE04EC0-301F-11D3-BF4B-00C04F79EFBC}") = "Example04", "Example04\Example04.csproj", "{061F96B2-DBC3-44D5-9BB2-1785733FFED8}"
EndProject
Global
	GlobalSection(SolutionConfigurationPlatforms) = preSolution
		Debug|Any CPU = Debug|Any CPU
		Release|Any CPU = Release|Any CPU
	EndGlobalSection
	GlobalSection(ProjectConfigurationPlatforms) = postSolution
		{CFC8ED16-693B-4769-8A7C-954F5F98AD6D}.Debug|Any CPU.ActiveCfg = Debug|Any CPU
		{CFC8ED16-693B-4769-8A7C-954F5F98AD6D}.Debug|Any CPU.Build.0 = Debug|Any CPU
		{CFC8ED16-693B-4769-8A7C-954F5F98AD6D}.Release|Any CPU.ActiveCfg = Release|Any CPU
		{CFC8ED16-693B-4769-8A7C-954F5F98AD6D}.Release|Any CPU.Build.0 = Release|Any CPU
		{2FFFAFC0-F7FE-4322-B316-5B1CA6000F72}.Debug|Any CPU.ActiveCfg = Debug|Any CPU
		{2FFFAFC0-F7FE-4322-B316-5B1CA6000F72}.Debug|Any CPU.Build.0 = Debug|Any CPU
		{2FFFAFC0-F7FE-4322-B316-5B1CA6000F72}.Release|Any CPU.ActiveCfg = Release|Any CPU
		{2FFFAFC0-F7FE-4322-B316-5B1CA6000F72}.Release|Any CPU.Build.0 = Release|Any CPU
		{ED8B8D45-0801-4457-9C90-58F4CC96EB20}.Debug|Any CPU.ActiveCfg = Debug|Any CPU
		{ED8B8D45-0801-4457-9C90-58F4CC96EB20}.Debug|Any CPU.Build.0 = Debug|Any CPU
		{ED8B8D45-0801-4457-9C90-58F4CC96EB20}.Release|Any CPU.ActiveCfg = Release|Any CPU
		{ED8B8D45-0801-4457-9C90-58F4CC96EB20}.Release|Any CPU.Build.0 = Release|Any CPU
		{DEE67E23-51CA-4B72-BC89-6C6BD9DB533E}.Debug|Any CPU.ActiveCfg = Debug|Any CPU
		{DEE67E23-51CA-4B72-BC89-6C6BD9DB533E}.Debug|Any CPU.Build.0 = Debug|Any CPU
		{DEE67E23-51CA-4B72-BC89-6C6BD9DB533E}.Release|Any CPU.ActiveCfg = Release|Any CPU
		{DEE67E23-51CA-4B72-BC89-6C6BD9DB533E}.Release|Any CPU.Build.0 = Release|Any CPU
		{061F96B2-DBC3-44D5-9BB2-1785733FFED8}.Debug|Any CPU.ActiveCfg = Debug|Any CPU
		{061F96B2-DBC3-44D5-9BB2-1785733FFED8}.Debug|Any CPU.Build.0 = Debug|Any CPU
		{061F96B2-DBC3-44D5-9BB2-1785733FFED8}.Release|Any CPU.ActiveCfg = Release|Any CPU
		{061F96B2-DBC3-44D5-9BB2-1785733FFED8}.Release|Any CPU.Build.0 = Release|Any CPU
	EndGlobalSection
	GlobalSection(SolutionProperties) = preSolution
		HideSolutionNode = FALSE
	EndGlobalSection
	GlobalSection(ExtensibilityGlobals) = postSolution
		SolutionGuid = {FF583207-6B5C-4975-9D5E-702DBACB4110}
	EndGlobalSection
EndGlobal
